
Microsoft Visual Studio Solution File, Format Version 12.00
# Visual Studio 15
VisualStudioVersion = 15.0.26124.0
MinimumVisualStudioVersion = 15.0.26124.0
Project("{2150E333-8FDC-42A3-9474-1A3956D46DE8}") = "src", "src", "{B1078B92-CDBE-4053-8BA4-02A718729373}"
EndProject
Project("{FAE04EC0-301F-11D3-BF4B-00C04F79EFBC}") = "GradeBook", "src\GradeBook\GradeBook.csproj", "{52A62074-E448-44AF-87AF-C3C8481C0E17}"
EndProject
Project("{2150E333-8FDC-42A3-9474-1A3956D46DE8}") = "test", "test", "{74919030-D861-4ECE-8BEA-B66103CA8DF6}"
EndProject
Project("{FAE04EC0-301F-11D3-BF4B-00C04F79EFBC}") = "GradeBook.Tests", "test\GradeBook.Tests\GradeBook.Tests.csproj", "{4DE631A0-2323-42C2-9331-3511AC2F86EC}"
EndProject
Global
	GlobalSection(SolutionConfigurationPlatforms) = preSolution
		Debug|Any CPU = Debug|Any CPU
		Debug|x64 = Debug|x64
		Debug|x86 = Debug|x86
		Release|Any CPU = Release|Any CPU
		Release|x64 = Release|x64
		Release|x86 = Release|x86
	EndGlobalSection
	GlobalSection(SolutionProperties) = preSolution
		HideSolutionNode = FALSE
	EndGlobalSection
	GlobalSection(ProjectConfigurationPlatforms) = postSolution
		{52A62074-E448-44AF-87AF-C3C8481C0E17}.Debug|Any CPU.ActiveCfg = Debug|Any CPU
		{52A62074-E448-44AF-87AF-C3C8481C0E17}.Debug|Any CPU.Build.0 = Debug|Any CPU
		{52A62074-E448-44AF-87AF-C3C8481C0E17}.Debug|x64.ActiveCfg = Debug|Any CPU
		{52A62074-E448-44AF-87AF-C3C8481C0E17}.Debug|x64.Build.0 = Debug|Any CPU
		{52A62074-E448-44AF-87AF-C3C8481C0E17}.Debug|x86.ActiveCfg = Debug|Any CPU
		{52A62074-E448-44AF-87AF-C3C8481C0E17}.Debug|x86.Build.0 = Debug|Any CPU
		{52A62074-E448-44AF-87AF-C3C8481C0E17}.Release|Any CPU.ActiveCfg = Release|Any CPU
		{52A62074-E448-44AF-87AF-C3C8481C0E17}.Release|Any CPU.Build.0 = Release|Any CPU
		{52A62074-E448-44AF-87AF-C3C8481C0E17}.Release|x64.ActiveCfg = Release|Any CPU
		{52A62074-E448-44AF-87AF-C3C8481C0E17}.Release|x64.Build.0 = Release|Any CPU
		{52A62074-E448-44AF-87AF-C3C8481C0E17}.Release|x86.ActiveCfg = Release|Any CPU
		{52A62074-E448-44AF-87AF-C3C8481C0E17}.Release|x86.Build.0 = Release|Any CPU
		{4DE631A0-2323-42C2-9331-3511AC2F86EC}.Debug|Any CPU.ActiveCfg = Debug|Any CPU
		{4DE631A0-2323-42C2-9331-3511AC2F86EC}.Debug|Any CPU.Build.0 = Debug|Any CPU
		{4DE631A0-2323-42C2-9331-3511AC2F86EC}.Debug|x64.ActiveCfg = Debug|Any CPU
		{4DE631A0-2323-42C2-9331-3511AC2F86EC}.Debug|x64.Build.0 = Debug|Any CPU
		{4DE631A0-2323-42C2-9331-3511AC2F86EC}.Debug|x86.ActiveCfg = Debug|Any CPU
		{4DE631A0-2323-42C2-9331-3511AC2F86EC}.Debug|x86.Build.0 = Debug|Any CPU
		{4DE631A0-2323-42C2-9331-3511AC2F86EC}.Release|Any CPU.ActiveCfg = Release|Any CPU
		{4DE631A0-2323-42C2-9331-3511AC2F86EC}.Release|Any CPU.Build.0 = Release|Any CPU
		{4DE631A0-2323-42C2-9331-3511AC2F86EC}.Release|x64.ActiveCfg = Release|Any CPU
		{4DE631A0-2323-42C2-9331-3511AC2F86EC}.Release|x64.Build.0 = Release|Any CPU
		{4DE631A0-2323-42C2-9331-3511AC2F86EC}.Release|x86.ActiveCfg = Release|Any CPU
		{4DE631A0-2323-42C2-9331-3511AC2F86EC}.Release|x86.Build.0 = Release|Any CPU
	EndGlobalSection
	GlobalSection(NestedProjects) = preSolution
		{52A62074-E448-44AF-87AF-C3C8481C0E17} = {B1078B92-CDBE-4053-8BA4-02A718729373}
		{4DE631A0-2323-42C2-9331-3511AC2F86EC} = {74919030-D861-4ECE-8BEA-B66103CA8DF6}
	EndGlobalSection
EndGlobal
