
Microsoft Visual Studio Solution File, Format Version 12.00
# Visual Studio Version 16
VisualStudioVersion = 16.0.30711.63
MinimumVisualStudioVersion = 10.0.40219.1
Project("{9A19103F-16F7-4668-BE54-9A1E7A4F7556}") = "GradeBook", "GradeBook.csproj", "{8D73B199-0FA9-4166-A190-3EB0C8F9BB0E}"
EndProject
Project("{9A19103F-16F7-4668-BE54-9A1E7A4F7556}") = "GradeBook.Tests", "..\..\test\GradeBook.Tests\GradeBook.Tests.csproj", "{606617D1-146C-44B1-BB4E-C60FC4443364}"
EndProject
Global
	GlobalSection(SolutionConfigurationPlatforms) = preSolution
		Debug|Any CPU = Debug|Any CPU
		Release|Any CPU = Release|Any CPU
	EndGlobalSection
	GlobalSection(ProjectConfigurationPlatforms) = postSolution
		{8D73B199-0FA9-4166-A190-3EB0C8F9BB0E}.Debug|Any CPU.ActiveCfg = Debug|Any CPU
		{8D73B199-0FA9-4166-A190-3EB0C8F9BB0E}.Debug|Any CPU.Build.0 = Debug|Any CPU
		{8D73B199-0FA9-4166-A190-3EB0C8F9BB0E}.Release|Any CPU.ActiveCfg = Release|Any CPU
		{8D73B199-0FA9-4166-A190-3EB0C8F9BB0E}.Release|Any CPU.Build.0 = Release|Any CPU
		{606617D1-146C-44B1-BB4E-C60FC4443364}.Debug|Any CPU.ActiveCfg = Debug|Any CPU
		{606617D1-146C-44B1-BB4E-C60FC4443364}.Debug|Any CPU.Build.0 = Debug|Any CPU
		{606617D1-146C-44B1-BB4E-C60FC4443364}.Release|Any CPU.ActiveCfg = Release|Any CPU
		{606617D1-146C-44B1-BB4E-C60FC4443364}.Release|Any CPU.Build.0 = Release|Any CPU
	EndGlobalSection
	GlobalSection(SolutionProperties) = preSolution
		HideSolutionNode = FALSE
	EndGlobalSection
	GlobalSection(ExtensibilityGlobals) = postSolution
		SolutionGuid = {04267A94-73E0-4F4C-9BF9-3646F6FEC1D9}
	EndGlobalSection
EndGlobal
